// !$*UTF8*$!
{
	archiveVersion = 1;
	classes = {
	};
	objectVersion = 55;
	objects = {

/* Begin PBXBuildFile section */
		CD53BFAE2774BA72006BD1FD /* MainViewController.swift in Sources */ = {isa = PBXBuildFile; fileRef = CD53BFAD2774BA72006BD1FD /* MainViewController.swift */; };
		CD53BFB32774BED9006BD1FD /* MenuSectionCollectionViewCell.swift in Sources */ = {isa = PBXBuildFile; fileRef = CD53BFB12774BED9006BD1FD /* MenuSectionCollectionViewCell.swift */; };
		CD53BFB42774BED9006BD1FD /* MenuSectionCollectionViewCell.xib in Resources */ = {isa = PBXBuildFile; fileRef = CD53BFB22774BED9006BD1FD /* MenuSectionCollectionViewCell.xib */; };
		CD53BFB72774BF5B006BD1FD /* MenuItemTableViewCell.swift in Sources */ = {isa = PBXBuildFile; fileRef = CD53BFB52774BF5B006BD1FD /* MenuItemTableViewCell.swift */; };
		CD53BFB82774BF5B006BD1FD /* MenuItemTableViewCell.xib in Resources */ = {isa = PBXBuildFile; fileRef = CD53BFB62774BF5B006BD1FD /* MenuItemTableViewCell.xib */; };
		CD53C33527753819006BD1FD /* RestaurantManager.swift in Sources */ = {isa = PBXBuildFile; fileRef = CD53C33427753819006BD1FD /* RestaurantManager.swift */; };
		CD8485D4277496D800B4BEC6 /* AppDelegate.swift in Sources */ = {isa = PBXBuildFile; fileRef = CD8485D3277496D800B4BEC6 /* AppDelegate.swift */; };
		CD8485D6277496D800B4BEC6 /* SceneDelegate.swift in Sources */ = {isa = PBXBuildFile; fileRef = CD8485D5277496D800B4BEC6 /* SceneDelegate.swift */; };
		CD8485DB277496D800B4BEC6 /* Main.storyboard in Resources */ = {isa = PBXBuildFile; fileRef = CD8485D9277496D800B4BEC6 /* Main.storyboard */; };
		CD8485DD277496D900B4BEC6 /* Assets.xcassets in Resources */ = {isa = PBXBuildFile; fileRef = CD8485DC277496D900B4BEC6 /* Assets.xcassets */; };
		CD8485E0277496D900B4BEC6 /* LaunchScreen.storyboard in Resources */ = {isa = PBXBuildFile; fileRef = CD8485DE277496D900B4BEC6 /* LaunchScreen.storyboard */; };
		CD8485EB277496D900B4BEC6 /* Restaurant_MenuTests.swift in Sources */ = {isa = PBXBuildFile; fileRef = CD8485EA277496D900B4BEC6 /* Restaurant_MenuTests.swift */; };
		CD8485F5277496D900B4BEC6 /* Restaurant_MenuUITests.swift in Sources */ = {isa = PBXBuildFile; fileRef = CD8485F4277496D900B4BEC6 /* Restaurant_MenuUITests.swift */; };
		CD8485F7277496D900B4BEC6 /* Restaurant_MenuUITestsLaunchTests.swift in Sources */ = {isa = PBXBuildFile; fileRef = CD8485F6277496D900B4BEC6 /* Restaurant_MenuUITestsLaunchTests.swift */; };
		CDADA47727770CB9009C0790 /* UIView+Borders.swift in Sources */ = {isa = PBXBuildFile; fileRef = CDADA47627770CB9009C0790 /* UIView+Borders.swift */; };
		CDB2A5EB2774A26C00B40B52 /* PlayfairDisplay-Regular.ttf in Resources */ = {isa = PBXBuildFile; fileRef = CDB2A5EA2774A26C00B40B52 /* PlayfairDisplay-Regular.ttf */; };
		CDB2A5ED2774A4BC00B40B52 /* Montserrat-Regular.ttf in Resources */ = {isa = PBXBuildFile; fileRef = CDB2A5EC2774A4BC00B40B52 /* Montserrat-Regular.ttf */; };
		CDCB17682775F68F006D873B /* Alamofire in Frameworks */ = {isa = PBXBuildFile; productRef = CDCB17672775F68F006D873B /* Alamofire */; };
		CDCB178C277611FD006D873B /* Address.swift in Sources */ = {isa = PBXBuildFile; fileRef = CDCB1784277611FD006D873B /* Address.swift */; };
		CDCB178D277611FD006D873B /* MenuItems.swift in Sources */ = {isa = PBXBuildFile; fileRef = CDCB1785277611FD006D873B /* MenuItems.swift */; };
		CDCB178E277611FD006D873B /* MenuSections.swift in Sources */ = {isa = PBXBuildFile; fileRef = CDCB1786277611FD006D873B /* MenuSections.swift */; };
		CDCB178F277611FD006D873B /* Geo.swift in Sources */ = {isa = PBXBuildFile; fileRef = CDCB1787277611FD006D873B /* Geo.swift */; };
		CDCB1790277611FD006D873B /* Pricing.swift in Sources */ = {isa = PBXBuildFile; fileRef = CDCB1788277611FD006D873B /* Pricing.swift */; };
		CDCB1791277611FD006D873B /* Restaurant.swift in Sources */ = {isa = PBXBuildFile; fileRef = CDCB1789277611FD006D873B /* Restaurant.swift */; };
		CDCB1792277611FD006D873B /* Data.swift in Sources */ = {isa = PBXBuildFile; fileRef = CDCB178A277611FD006D873B /* Data.swift */; };
		CDCB1793277611FD006D873B /* Menus.swift in Sources */ = {isa = PBXBuildFile; fileRef = CDCB178B277611FD006D873B /* Menus.swift */; };
/* End PBXBuildFile section */

/* Begin PBXContainerItemProxy section */
		CD8485E7277496D900B4BEC6 /* PBXContainerItemProxy */ = {
			isa = PBXContainerItemProxy;
			containerPortal = CD8485C8277496D800B4BEC6 /* Project object */;
			proxyType = 1;
			remoteGlobalIDString = CD8485CF277496D800B4BEC6;
			remoteInfo = "Restaurant Menu";
		};
		CD8485F1277496D900B4BEC6 /* PBXContainerItemProxy */ = {
			isa = PBXContainerItemProxy;
			containerPortal = CD8485C8277496D800B4BEC6 /* Project object */;
			proxyType = 1;
			remoteGlobalIDString = CD8485CF277496D800B4BEC6;
			remoteInfo = "Restaurant Menu";
		};
/* End PBXContainerItemProxy section */

/* Begin PBXFileReference section */
		CD53BFAD2774BA72006BD1FD /* MainViewController.swift */ = {isa = PBXFileReference; lastKnownFileType = sourcecode.swift; path = MainViewController.swift; sourceTree = "<group>"; };
		CD53BFB12774BED9006BD1FD /* MenuSectionCollectionViewCell.swift */ = {isa = PBXFileReference; lastKnownFileType = sourcecode.swift; path = MenuSectionCollectionViewCell.swift; sourceTree = "<group>"; };
		CD53BFB22774BED9006BD1FD /* MenuSectionCollectionViewCell.xib */ = {isa = PBXFileReference; lastKnownFileType = file.xib; path = MenuSectionCollectionViewCell.xib; sourceTree = "<group>"; };
		CD53BFB52774BF5B006BD1FD /* MenuItemTableViewCell.swift */ = {isa = PBXFileReference; lastKnownFileType = sourcecode.swift; path = MenuItemTableViewCell.swift; sourceTree = "<group>"; };
		CD53BFB62774BF5B006BD1FD /* MenuItemTableViewCell.xib */ = {isa = PBXFileReference; lastKnownFileType = file.xib; path = MenuItemTableViewCell.xib; sourceTree = "<group>"; };
		CD53C33427753819006BD1FD /* RestaurantManager.swift */ = {isa = PBXFileReference; lastKnownFileType = sourcecode.swift; path = RestaurantManager.swift; sourceTree = "<group>"; };
		CD8485D0277496D800B4BEC6 /* Restaurant Menu.app */ = {isa = PBXFileReference; explicitFileType = wrapper.application; includeInIndex = 0; path = "Restaurant Menu.app"; sourceTree = BUILT_PRODUCTS_DIR; };
		CD8485D3277496D800B4BEC6 /* AppDelegate.swift */ = {isa = PBXFileReference; lastKnownFileType = sourcecode.swift; path = AppDelegate.swift; sourceTree = "<group>"; };
		CD8485D5277496D800B4BEC6 /* SceneDelegate.swift */ = {isa = PBXFileReference; lastKnownFileType = sourcecode.swift; path = SceneDelegate.swift; sourceTree = "<group>"; };
		CD8485DA277496D800B4BEC6 /* Base */ = {isa = PBXFileReference; lastKnownFileType = file.storyboard; name = Base; path = Base.lproj/Main.storyboard; sourceTree = "<group>"; };
		CD8485DC277496D900B4BEC6 /* Assets.xcassets */ = {isa = PBXFileReference; lastKnownFileType = folder.assetcatalog; path = Assets.xcassets; sourceTree = "<group>"; };
		CD8485DF277496D900B4BEC6 /* Base */ = {isa = PBXFileReference; lastKnownFileType = file.storyboard; name = Base; path = Base.lproj/LaunchScreen.storyboard; sourceTree = "<group>"; };
		CD8485E1277496D900B4BEC6 /* Info.plist */ = {isa = PBXFileReference; lastKnownFileType = text.plist.xml; path = Info.plist; sourceTree = "<group>"; };
		CD8485E6277496D900B4BEC6 /* Restaurant MenuTests.xctest */ = {isa = PBXFileReference; explicitFileType = wrapper.cfbundle; includeInIndex = 0; path = "Restaurant MenuTests.xctest"; sourceTree = BUILT_PRODUCTS_DIR; };
		CD8485EA277496D900B4BEC6 /* Restaurant_MenuTests.swift */ = {isa = PBXFileReference; lastKnownFileType = sourcecode.swift; path = Restaurant_MenuTests.swift; sourceTree = "<group>"; };
		CD8485F0277496D900B4BEC6 /* Restaurant MenuUITests.xctest */ = {isa = PBXFileReference; explicitFileType = wrapper.cfbundle; includeInIndex = 0; path = "Restaurant MenuUITests.xctest"; sourceTree = BUILT_PRODUCTS_DIR; };
		CD8485F4277496D900B4BEC6 /* Restaurant_MenuUITests.swift */ = {isa = PBXFileReference; lastKnownFileType = sourcecode.swift; path = Restaurant_MenuUITests.swift; sourceTree = "<group>"; };
		CD8485F6277496D900B4BEC6 /* Restaurant_MenuUITestsLaunchTests.swift */ = {isa = PBXFileReference; lastKnownFileType = sourcecode.swift; path = Restaurant_MenuUITestsLaunchTests.swift; sourceTree = "<group>"; };
		CDADA47627770CB9009C0790 /* UIView+Borders.swift */ = {isa = PBXFileReference; lastKnownFileType = sourcecode.swift; path = "UIView+Borders.swift"; sourceTree = "<group>"; };
		CDB2A5EA2774A26C00B40B52 /* PlayfairDisplay-Regular.ttf */ = {isa = PBXFileReference; lastKnownFileType = file; path = "PlayfairDisplay-Regular.ttf"; sourceTree = "<group>"; };
		CDB2A5EC2774A4BC00B40B52 /* Montserrat-Regular.ttf */ = {isa = PBXFileReference; lastKnownFileType = file; path = "Montserrat-Regular.ttf"; sourceTree = "<group>"; };
		CDCB1784277611FD006D873B /* Address.swift */ = {isa = PBXFileReference; fileEncoding = 4; lastKnownFileType = sourcecode.swift; path = Address.swift; sourceTree = "<group>"; };
		CDCB1785277611FD006D873B /* MenuItems.swift */ = {isa = PBXFileReference; fileEncoding = 4; lastKnownFileType = sourcecode.swift; path = MenuItems.swift; sourceTree = "<group>"; };
		CDCB1786277611FD006D873B /* MenuSections.swift */ = {isa = PBXFileReference; fileEncoding = 4; lastKnownFileType = sourcecode.swift; path = MenuSections.swift; sourceTree = "<group>"; };
		CDCB1787277611FD006D873B /* Geo.swift */ = {isa = PBXFileReference; fileEncoding = 4; lastKnownFileType = sourcecode.swift; path = Geo.swift; sourceTree = "<group>"; };
		CDCB1788277611FD006D873B /* Pricing.swift */ = {isa = PBXFileReference; fileEncoding = 4; lastKnownFileType = sourcecode.swift; path = Pricing.swift; sourceTree = "<group>"; };
		CDCB1789277611FD006D873B /* Restaurant.swift */ = {isa = PBXFileReference; fileEncoding = 4; lastKnownFileType = sourcecode.swift; path = Restaurant.swift; sourceTree = "<group>"; };
		CDCB178A277611FD006D873B /* Data.swift */ = {isa = PBXFileReference; fileEncoding = 4; lastKnownFileType = sourcecode.swift; path = Data.swift; sourceTree = "<group>"; };
		CDCB178B277611FD006D873B /* Menus.swift */ = {isa = PBXFileReference; fileEncoding = 4; lastKnownFileType = sourcecode.swift; path = Menus.swift; sourceTree = "<group>"; };
/* End PBXFileReference section */

/* Begin PBXFrameworksBuildPhase section */
		CD8485CD277496D800B4BEC6 /* Frameworks */ = {
			isa = PBXFrameworksBuildPhase;
			buildActionMask = 2147483647;
			files = (
				CDCB17682775F68F006D873B /* Alamofire in Frameworks */,
			);
			runOnlyForDeploymentPostprocessing = 0;
		};
		CD8485E3277496D900B4BEC6 /* Frameworks */ = {
			isa = PBXFrameworksBuildPhase;
			buildActionMask = 2147483647;
			files = (
			);
			runOnlyForDeploymentPostprocessing = 0;
		};
		CD8485ED277496D900B4BEC6 /* Frameworks */ = {
			isa = PBXFrameworksBuildPhase;
			buildActionMask = 2147483647;
			files = (
			);
			runOnlyForDeploymentPostprocessing = 0;
		};
/* End PBXFrameworksBuildPhase section */

/* Begin PBXGroup section */
		CD488C35277576020039CDA9 /* Model */ = {
			isa = PBXGroup;
			children = (
				CDCB1789277611FD006D873B /* Restaurant.swift */,
				CDCB178A277611FD006D873B /* Data.swift */,
				CDCB178B277611FD006D873B /* Menus.swift */,
				CDCB1786277611FD006D873B /* MenuSections.swift */,
				CDCB1785277611FD006D873B /* MenuItems.swift */,
				CDCB1788277611FD006D873B /* Pricing.swift */,
				CDCB1784277611FD006D873B /* Address.swift */,
				CDCB1787277611FD006D873B /* Geo.swift */,
			);
			path = Model;
			sourceTree = "<group>";
		};
		CD53C33627753E5A006BD1FD /* Service */ = {
			isa = PBXGroup;
			children = (
				CD53C33427753819006BD1FD /* RestaurantManager.swift */,
			);
			path = Service;
			sourceTree = "<group>";
		};
		CD8485C7277496D800B4BEC6 = {
			isa = PBXGroup;
			children = (
				CD8485D2277496D800B4BEC6 /* Restaurant Menu */,
				CD8485E9277496D900B4BEC6 /* Restaurant MenuTests */,
				CD8485F3277496D900B4BEC6 /* Restaurant MenuUITests */,
				CD8485D1277496D800B4BEC6 /* Products */,
			);
			sourceTree = "<group>";
		};
		CD8485D1277496D800B4BEC6 /* Products */ = {
			isa = PBXGroup;
			children = (
				CD8485D0277496D800B4BEC6 /* Restaurant Menu.app */,
				CD8485E6277496D900B4BEC6 /* Restaurant MenuTests.xctest */,
				CD8485F0277496D900B4BEC6 /* Restaurant MenuUITests.xctest */,
			);
			name = Products;
			sourceTree = "<group>";
		};
		CD8485D2277496D800B4BEC6 /* Restaurant Menu */ = {
			isa = PBXGroup;
			children = (
				CD8485D5277496D800B4BEC6 /* SceneDelegate.swift */,
				CD8485D3277496D800B4BEC6 /* AppDelegate.swift */,
				CDB2A5EF2774B35A00B40B52 /* View */,
				CDB2A5F02774B35E00B40B52 /* Controller */,
				CD488C35277576020039CDA9 /* Model */,
				CD53C33627753E5A006BD1FD /* Service */,
				CDDCB08C27763FAE001CE9FD /* Extensions */,
				CDB2A5F12774B37200B40B52 /* Supporting Files */,
			);
			path = "Restaurant Menu";
			sourceTree = "<group>";
		};
		CD8485E9277496D900B4BEC6 /* Restaurant MenuTests */ = {
			isa = PBXGroup;
			children = (
				CD8485EA277496D900B4BEC6 /* Restaurant_MenuTests.swift */,
			);
			path = "Restaurant MenuTests";
			sourceTree = "<group>";
		};
		CD8485F3277496D900B4BEC6 /* Restaurant MenuUITests */ = {
			isa = PBXGroup;
			children = (
				CD8485F4277496D900B4BEC6 /* Restaurant_MenuUITests.swift */,
				CD8485F6277496D900B4BEC6 /* Restaurant_MenuUITestsLaunchTests.swift */,
			);
			path = "Restaurant MenuUITests";
			sourceTree = "<group>";
		};
		CDB2A5E62774A1A500B40B52 /* Fonts */ = {
			isa = PBXGroup;
			children = (
				CDB2A5EC2774A4BC00B40B52 /* Montserrat-Regular.ttf */,
				CDB2A5EA2774A26C00B40B52 /* PlayfairDisplay-Regular.ttf */,
			);
			path = Fonts;
			sourceTree = "<group>";
		};
		CDB2A5EF2774B35A00B40B52 /* View */ = {
			isa = PBXGroup;
			children = (
				CD8485D9277496D800B4BEC6 /* Main.storyboard */,
				CD53BFB22774BED9006BD1FD /* MenuSectionCollectionViewCell.xib */,
				CD53BFB62774BF5B006BD1FD /* MenuItemTableViewCell.xib */,
			);
			path = View;
			sourceTree = "<group>";
		};
		CDB2A5F02774B35E00B40B52 /* Controller */ = {
			isa = PBXGroup;
			children = (
				CD53BFAD2774BA72006BD1FD /* MainViewController.swift */,
				CD53BFB12774BED9006BD1FD /* MenuSectionCollectionViewCell.swift */,
				CD53BFB52774BF5B006BD1FD /* MenuItemTableViewCell.swift */,
			);
			path = Controller;
			sourceTree = "<group>";
		};
		CDB2A5F12774B37200B40B52 /* Supporting Files */ = {
			isa = PBXGroup;
			children = (
				CD8485DE277496D900B4BEC6 /* LaunchScreen.storyboard */,
				CD8485DC277496D900B4BEC6 /* Assets.xcassets */,
				CD8485E1277496D900B4BEC6 /* Info.plist */,
				CDB2A5E62774A1A500B40B52 /* Fonts */,
			);
			path = "Supporting Files";
			sourceTree = "<group>";
		};
		CDDCB08C27763FAE001CE9FD /* Extensions */ = {
			isa = PBXGroup;
			children = (
				CDADA47627770CB9009C0790 /* UIView+Borders.swift */,
			);
			path = Extensions;
			sourceTree = "<group>";
		};
/* End PBXGroup section */

/* Begin PBXNativeTarget section */
		CD8485CF277496D800B4BEC6 /* Restaurant Menu */ = {
			isa = PBXNativeTarget;
			buildConfigurationList = CD8485FA277496D900B4BEC6 /* Build configuration list for PBXNativeTarget "Restaurant Menu" */;
			buildPhases = (
				CD8485CC277496D800B4BEC6 /* Sources */,
				CD8485CD277496D800B4BEC6 /* Frameworks */,
				CD8485CE277496D800B4BEC6 /* Resources */,
			);
			buildRules = (
			);
			dependencies = (
			);
			name = "Restaurant Menu";
			packageProductDependencies = (
				CDCB17672775F68F006D873B /* Alamofire */,
			);
			productName = "Restaurant Menu";
			productReference = CD8485D0277496D800B4BEC6 /* Restaurant Menu.app */;
			productType = "com.apple.product-type.application";
		};
		CD8485E5277496D900B4BEC6 /* Restaurant MenuTests */ = {
			isa = PBXNativeTarget;
			buildConfigurationList = CD8485FD277496D900B4BEC6 /* Build configuration list for PBXNativeTarget "Restaurant MenuTests" */;
			buildPhases = (
				CD8485E2277496D900B4BEC6 /* Sources */,
				CD8485E3277496D900B4BEC6 /* Frameworks */,
				CD8485E4277496D900B4BEC6 /* Resources */,
			);
			buildRules = (
			);
			dependencies = (
				CD8485E8277496D900B4BEC6 /* PBXTargetDependency */,
			);
			name = "Restaurant MenuTests";
			productName = "Restaurant MenuTests";
			productReference = CD8485E6277496D900B4BEC6 /* Restaurant MenuTests.xctest */;
			productType = "com.apple.product-type.bundle.unit-test";
		};
		CD8485EF277496D900B4BEC6 /* Restaurant MenuUITests */ = {
			isa = PBXNativeTarget;
			buildConfigurationList = CD848600277496D900B4BEC6 /* Build configuration list for PBXNativeTarget "Restaurant MenuUITests" */;
			buildPhases = (
				CD8485EC277496D900B4BEC6 /* Sources */,
				CD8485ED277496D900B4BEC6 /* Frameworks */,
				CD8485EE277496D900B4BEC6 /* Resources */,
			);
			buildRules = (
			);
			dependencies = (
				CD8485F2277496D900B4BEC6 /* PBXTargetDependency */,
			);
			name = "Restaurant MenuUITests";
			productName = "Restaurant MenuUITests";
			productReference = CD8485F0277496D900B4BEC6 /* Restaurant MenuUITests.xctest */;
			productType = "com.apple.product-type.bundle.ui-testing";
		};
/* End PBXNativeTarget section */

/* Begin PBXProject section */
		CD8485C8277496D800B4BEC6 /* Project object */ = {
			isa = PBXProject;
			attributes = {
				BuildIndependentTargetsInParallel = 1;
				LastSwiftUpdateCheck = 1320;
				LastUpgradeCheck = 1320;
				TargetAttributes = {
					CD8485CF277496D800B4BEC6 = {
						CreatedOnToolsVersion = 13.2.1;
					};
					CD8485E5277496D900B4BEC6 = {
						CreatedOnToolsVersion = 13.2.1;
						TestTargetID = CD8485CF277496D800B4BEC6;
					};
					CD8485EF277496D900B4BEC6 = {
						CreatedOnToolsVersion = 13.2.1;
						TestTargetID = CD8485CF277496D800B4BEC6;
					};
				};
			};
			buildConfigurationList = CD8485CB277496D800B4BEC6 /* Build configuration list for PBXProject "Restaurant Menu" */;
			compatibilityVersion = "Xcode 13.0";
			developmentRegion = en;
			hasScannedForEncodings = 0;
			knownRegions = (
				en,
				Base,
			);
			mainGroup = CD8485C7277496D800B4BEC6;
			packageReferences = (
				CDCB17662775F68F006D873B /* XCRemoteSwiftPackageReference "Alamofire" */,
			);
			productRefGroup = CD8485D1277496D800B4BEC6 /* Products */;
			projectDirPath = "";
			projectRoot = "";
			targets = (
				CD8485CF277496D800B4BEC6 /* Restaurant Menu */,
				CD8485E5277496D900B4BEC6 /* Restaurant MenuTests */,
				CD8485EF277496D900B4BEC6 /* Restaurant MenuUITests */,
			);
		};
/* End PBXProject section */

/* Begin PBXResourcesBuildPhase section */
		CD8485CE277496D800B4BEC6 /* Resources */ = {
			isa = PBXResourcesBuildPhase;
			buildActionMask = 2147483647;
			files = (
				CDB2A5EB2774A26C00B40B52 /* PlayfairDisplay-Regular.ttf in Resources */,
				CD8485E0277496D900B4BEC6 /* LaunchScreen.storyboard in Resources */,
				CD8485DD277496D900B4BEC6 /* Assets.xcassets in Resources */,
				CDB2A5ED2774A4BC00B40B52 /* Montserrat-Regular.ttf in Resources */,
				CD53BFB82774BF5B006BD1FD /* MenuItemTableViewCell.xib in Resources */,
				CD8485DB277496D800B4BEC6 /* Main.storyboard in Resources */,
				CD53BFB42774BED9006BD1FD /* MenuSectionCollectionViewCell.xib in Resources */,
			);
			runOnlyForDeploymentPostprocessing = 0;
		};
		CD8485E4277496D900B4BEC6 /* Resources */ = {
			isa = PBXResourcesBuildPhase;
			buildActionMask = 2147483647;
			files = (
			);
			runOnlyForDeploymentPostprocessing = 0;
		};
		CD8485EE277496D900B4BEC6 /* Resources */ = {
			isa = PBXResourcesBuildPhase;
			buildActionMask = 2147483647;
			files = (
			);
			runOnlyForDeploymentPostprocessing = 0;
		};
/* End PBXResourcesBuildPhase section */

/* Begin PBXSourcesBuildPhase section */
		CD8485CC277496D800B4BEC6 /* Sources */ = {
			isa = PBXSourcesBuildPhase;
			buildActionMask = 2147483647;
			files = (
				CD53BFAE2774BA72006BD1FD /* MainViewController.swift in Sources */,
				CDCB178E277611FD006D873B /* MenuSections.swift in Sources */,
				CDCB178D277611FD006D873B /* MenuItems.swift in Sources */,
				CD53C33527753819006BD1FD /* RestaurantManager.swift in Sources */,
				CDCB1790277611FD006D873B /* Pricing.swift in Sources */,
				CD8485D4277496D800B4BEC6 /* AppDelegate.swift in Sources */,
				CD8485D6277496D800B4BEC6 /* SceneDelegate.swift in Sources */,
				CD53BFB32774BED9006BD1FD /* MenuSectionCollectionViewCell.swift in Sources */,
				CDCB1792277611FD006D873B /* Data.swift in Sources */,
				CDCB1791277611FD006D873B /* Restaurant.swift in Sources */,
				CDCB1793277611FD006D873B /* Menus.swift in Sources */,
				CD53BFB72774BF5B006BD1FD /* MenuItemTableViewCell.swift in Sources */,
				CDCB178C277611FD006D873B /* Address.swift in Sources */,
				CDCB178F277611FD006D873B /* Geo.swift in Sources */,
				CDADA47727770CB9009C0790 /* UIView+Borders.swift in Sources */,
			);
			runOnlyForDeploymentPostprocessing = 0;
		};
		CD8485E2277496D900B4BEC6 /* Sources */ = {
			isa = PBXSourcesBuildPhase;
			buildActionMask = 2147483647;
			files = (
				CD8485EB277496D900B4BEC6 /* Restaurant_MenuTests.swift in Sources */,
			);
			runOnlyForDeploymentPostprocessing = 0;
		};
		CD8485EC277496D900B4BEC6 /* Sources */ = {
			isa = PBXSourcesBuildPhase;
			buildActionMask = 2147483647;
			files = (
				CD8485F7277496D900B4BEC6 /* Restaurant_MenuUITestsLaunchTests.swift in Sources */,
				CD8485F5277496D900B4BEC6 /* Restaurant_MenuUITests.swift in Sources */,
			);
			runOnlyForDeploymentPostprocessing = 0;
		};
/* End PBXSourcesBuildPhase section */

/* Begin PBXTargetDependency section */
		CD8485E8277496D900B4BEC6 /* PBXTargetDependency */ = {
			isa = PBXTargetDependency;
			target = CD8485CF277496D800B4BEC6 /* Restaurant Menu */;
			targetProxy = CD8485E7277496D900B4BEC6 /* PBXContainerItemProxy */;
		};
		CD8485F2277496D900B4BEC6 /* PBXTargetDependency */ = {
			isa = PBXTargetDependency;
			target = CD8485CF277496D800B4BEC6 /* Restaurant Menu */;
			targetProxy = CD8485F1277496D900B4BEC6 /* PBXContainerItemProxy */;
		};
/* End PBXTargetDependency section */

/* Begin PBXVariantGroup section */
		CD8485D9277496D800B4BEC6 /* Main.storyboard */ = {
			isa = PBXVariantGroup;
			children = (
				CD8485DA277496D800B4BEC6 /* Base */,
			);
			name = Main.storyboard;
			sourceTree = "<group>";
		};
		CD8485DE277496D900B4BEC6 /* LaunchScreen.storyboard */ = {
			isa = PBXVariantGroup;
			children = (
				CD8485DF277496D900B4BEC6 /* Base */,
			);
			name = LaunchScreen.storyboard;
			sourceTree = "<group>";
		};
/* End PBXVariantGroup section */

/* Begin XCBuildConfiguration section */
		CD8485F8277496D900B4BEC6 /* Debug */ = {
			isa = XCBuildConfiguration;
			buildSettings = {
				ALWAYS_SEARCH_USER_PATHS = NO;
				CLANG_ANALYZER_NONNULL = YES;
				CLANG_ANALYZER_NUMBER_OBJECT_CONVERSION = YES_AGGRESSIVE;
				CLANG_CXX_LANGUAGE_STANDARD = "gnu++17";
				CLANG_CXX_LIBRARY = "libc++";
				CLANG_ENABLE_MODULES = YES;
				CLANG_ENABLE_OBJC_ARC = YES;
				CLANG_ENABLE_OBJC_WEAK = YES;
				CLANG_WARN_BLOCK_CAPTURE_AUTORELEASING = YES;
				CLANG_WARN_BOOL_CONVERSION = YES;
				CLANG_WARN_COMMA = YES;
				CLANG_WARN_CONSTANT_CONVERSION = YES;
				CLANG_WARN_DEPRECATED_OBJC_IMPLEMENTATIONS = YES;
				CLANG_WARN_DIRECT_OBJC_ISA_USAGE = YES_ERROR;
				CLANG_WARN_DOCUMENTATION_COMMENTS = YES;
				CLANG_WARN_EMPTY_BODY = YES;
				CLANG_WARN_ENUM_CONVERSION = YES;
				CLANG_WARN_INFINITE_RECURSION = YES;
				CLANG_WARN_INT_CONVERSION = YES;
				CLANG_WARN_NON_LITERAL_NULL_CONVERSION = YES;
				CLANG_WARN_OBJC_IMPLICIT_RETAIN_SELF = YES;
				CLANG_WARN_OBJC_LITERAL_CONVERSION = YES;
				CLANG_WARN_OBJC_ROOT_CLASS = YES_ERROR;
				CLANG_WARN_QUOTED_INCLUDE_IN_FRAMEWORK_HEADER = YES;
				CLANG_WARN_RANGE_LOOP_ANALYSIS = YES;
				CLANG_WARN_STRICT_PROTOTYPES = YES;
				CLANG_WARN_SUSPICIOUS_MOVE = YES;
				CLANG_WARN_UNGUARDED_AVAILABILITY = YES_AGGRESSIVE;
				CLANG_WARN_UNREACHABLE_CODE = YES;
				CLANG_WARN__DUPLICATE_METHOD_MATCH = YES;
				COPY_PHASE_STRIP = NO;
				DEBUG_INFORMATION_FORMAT = dwarf;
				ENABLE_STRICT_OBJC_MSGSEND = YES;
				ENABLE_TESTABILITY = YES;
				GCC_C_LANGUAGE_STANDARD = gnu11;
				GCC_DYNAMIC_NO_PIC = NO;
				GCC_NO_COMMON_BLOCKS = YES;
				GCC_OPTIMIZATION_LEVEL = 0;
				GCC_PREPROCESSOR_DEFINITIONS = (
					"DEBUG=1",
					"$(inherited)",
				);
				GCC_WARN_64_TO_32_BIT_CONVERSION = YES;
				GCC_WARN_ABOUT_RETURN_TYPE = YES_ERROR;
				GCC_WARN_UNDECLARED_SELECTOR = YES;
				GCC_WARN_UNINITIALIZED_AUTOS = YES_AGGRESSIVE;
				GCC_WARN_UNUSED_FUNCTION = YES;
				GCC_WARN_UNUSED_VARIABLE = YES;
				IPHONEOS_DEPLOYMENT_TARGET = 15.2;
				MTL_ENABLE_DEBUG_INFO = INCLUDE_SOURCE;
				MTL_FAST_MATH = YES;
				ONLY_ACTIVE_ARCH = YES;
				SDKROOT = iphoneos;
				SWIFT_ACTIVE_COMPILATION_CONDITIONS = DEBUG;
				SWIFT_OPTIMIZATION_LEVEL = "-Onone";
			};
			name = Debug;
		};
		CD8485F9277496D900B4BEC6 /* Release */ = {
			isa = XCBuildConfiguration;
			buildSettings = {
				ALWAYS_SEARCH_USER_PATHS = NO;
				CLANG_ANALYZER_NONNULL = YES;
				CLANG_ANALYZER_NUMBER_OBJECT_CONVERSION = YES_AGGRESSIVE;
				CLANG_CXX_LANGUAGE_STANDARD = "gnu++17";
				CLANG_CXX_LIBRARY = "libc++";
				CLANG_ENABLE_MODULES = YES;
				CLANG_ENABLE_OBJC_ARC = YES;
				CLANG_ENABLE_OBJC_WEAK = YES;
				CLANG_WARN_BLOCK_CAPTURE_AUTORELEASING = YES;
				CLANG_WARN_BOOL_CONVERSION = YES;
				CLANG_WARN_COMMA = YES;
				CLANG_WARN_CONSTANT_CONVERSION = YES;
				CLANG_WARN_DEPRECATED_OBJC_IMPLEMENTATIONS = YES;
				CLANG_WARN_DIRECT_OBJC_ISA_USAGE = YES_ERROR;
				CLANG_WARN_DOCUMENTATION_COMMENTS = YES;
				CLANG_WARN_EMPTY_BODY = YES;
				CLANG_WARN_ENUM_CONVERSION = YES;
				CLANG_WARN_INFINITE_RECURSION = YES;
				CLANG_WARN_INT_CONVERSION = YES;
				CLANG_WARN_NON_LITERAL_NULL_CONVERSION = YES;
				CLANG_WARN_OBJC_IMPLICIT_RETAIN_SELF = YES;
				CLANG_WARN_OBJC_LITERAL_CONVERSION = YES;
				CLANG_WARN_OBJC_ROOT_CLASS = YES_ERROR;
				CLANG_WARN_QUOTED_INCLUDE_IN_FRAMEWORK_HEADER = YES;
				CLANG_WARN_RANGE_LOOP_ANALYSIS = YES;
				CLANG_WARN_STRICT_PROTOTYPES = YES;
				CLANG_WARN_SUSPICIOUS_MOVE = YES;
				CLANG_WARN_UNGUARDED_AVAILABILITY = YES_AGGRESSIVE;
				CLANG_WARN_UNREACHABLE_CODE = YES;
				CLANG_WARN__DUPLICATE_METHOD_MATCH = YES;
				COPY_PHASE_STRIP = NO;
				DEBUG_INFORMATION_FORMAT = "dwarf-with-dsym";
				ENABLE_NS_ASSERTIONS = NO;
				ENABLE_STRICT_OBJC_MSGSEND = YES;
				GCC_C_LANGUAGE_STANDARD = gnu11;
				GCC_NO_COMMON_BLOCKS = YES;
				GCC_WARN_64_TO_32_BIT_CONVERSION = YES;
				GCC_WARN_ABOUT_RETURN_TYPE = YES_ERROR;
				GCC_WARN_UNDECLARED_SELECTOR = YES;
				GCC_WARN_UNINITIALIZED_AUTOS = YES_AGGRESSIVE;
				GCC_WARN_UNUSED_FUNCTION = YES;
				GCC_WARN_UNUSED_VARIABLE = YES;
				IPHONEOS_DEPLOYMENT_TARGET = 15.2;
				MTL_ENABLE_DEBUG_INFO = NO;
				MTL_FAST_MATH = YES;
				SDKROOT = iphoneos;
				SWIFT_COMPILATION_MODE = wholemodule;
				SWIFT_OPTIMIZATION_LEVEL = "-O";
				VALIDATE_PRODUCT = YES;
			};
			name = Release;
		};
		CD8485FB277496D900B4BEC6 /* Debug */ = {
			isa = XCBuildConfiguration;
			buildSettings = {
				ALWAYS_EMBED_SWIFT_STANDARD_LIBRARIES = "$(inherited)";
				ASSETCATALOG_COMPILER_APPICON_NAME = AppIcon;
				ASSETCATALOG_COMPILER_GLOBAL_ACCENT_COLOR_NAME = AccentColor;
				CODE_SIGN_STYLE = Automatic;
				CURRENT_PROJECT_VERSION = 1;
				DEVELOPMENT_TEAM = 3X5PNF8SNP;
				GENERATE_INFOPLIST_FILE = YES;
				INFOPLIST_FILE = "Restaurant Menu/Supporting Files/Info.plist";
				INFOPLIST_KEY_CFBundleDisplayName = Restaurants;
				INFOPLIST_KEY_NSLocationWhenInUseUsageDescription = "Location data is needed to find nearby restaurants";
				INFOPLIST_KEY_UIApplicationSupportsIndirectInputEvents = YES;
				INFOPLIST_KEY_UILaunchStoryboardName = LaunchScreen;
				INFOPLIST_KEY_UIMainStoryboardFile = Main;
				INFOPLIST_KEY_UISupportedInterfaceOrientations = UIInterfaceOrientationPortrait;
				INFOPLIST_KEY_UISupportedInterfaceOrientations_iPad = "UIInterfaceOrientationPortrait UIInterfaceOrientationPortraitUpsideDown UIInterfaceOrientationLandscapeLeft UIInterfaceOrientationLandscapeRight";
				INFOPLIST_KEY_UISupportedInterfaceOrientations_iPhone = "UIInterfaceOrientationPortrait UIInterfaceOrientationLandscapeLeft UIInterfaceOrientationLandscapeRight";
				LD_RUNPATH_SEARCH_PATHS = (
					"$(inherited)",
					"@executable_path/Frameworks",
				);
				MARKETING_VERSION = 1.0;
				PRODUCT_BUNDLE_IDENTIFIER = "br.com.diogolessa.Restaurant-Menu";
				PRODUCT_NAME = "$(TARGET_NAME)";
				SWIFT_EMIT_LOC_STRINGS = YES;
				SWIFT_VERSION = 5.0;
				TARGETED_DEVICE_FAMILY = "1,2";
			};
			name = Debug;
		};
		CD8485FC277496D900B4BEC6 /* Release */ = {
			isa = XCBuildConfiguration;
			buildSettings = {
				ALWAYS_EMBED_SWIFT_STANDARD_LIBRARIES = "$(inherited)";
				ASSETCATALOG_COMPILER_APPICON_NAME = AppIcon;
				ASSETCATALOG_COMPILER_GLOBAL_ACCENT_COLOR_NAME = AccentColor;
				CODE_SIGN_STYLE = Automatic;
				CURRENT_PROJECT_VERSION = 1;
				DEVELOPMENT_TEAM = 3X5PNF8SNP;
				GENERATE_INFOPLIST_FILE = YES;
				INFOPLIST_FILE = "Restaurant Menu/Supporting Files/Info.plist";
				INFOPLIST_KEY_CFBundleDisplayName = Restaurants;
				INFOPLIST_KEY_NSLocationWhenInUseUsageDescription = "Location data is needed to find nearby restaurants";
				INFOPLIST_KEY_UIApplicationSupportsIndirectInputEvents = YES;
				INFOPLIST_KEY_UILaunchStoryboardName = LaunchScreen;
				INFOPLIST_KEY_UIMainStoryboardFile = Main;
				INFOPLIST_KEY_UISupportedInterfaceOrientations = UIInterfaceOrientationPortrait;
				INFOPLIST_KEY_UISupportedInterfaceOrientations_iPad = "UIInterfaceOrientationPortrait UIInterfaceOrientationPortraitUpsideDown UIInterfaceOrientationLandscapeLeft UIInterfaceOrientationLandscapeRight";
				INFOPLIST_KEY_UISupportedInterfaceOrientations_iPhone = "UIInterfaceOrientationPortrait UIInterfaceOrientationLandscapeLeft UIInterfaceOrientationLandscapeRight";
				LD_RUNPATH_SEARCH_PATHS = (
					"$(inherited)",
					"@executable_path/Frameworks",
				);
				MARKETING_VERSION = 1.0;
				PRODUCT_BUNDLE_IDENTIFIER = "br.com.diogolessa.Restaurant-Menu";
				PRODUCT_NAME = "$(TARGET_NAME)";
				SWIFT_EMIT_LOC_STRINGS = YES;
				SWIFT_VERSION = 5.0;
				TARGETED_DEVICE_FAMILY = "1,2";
			};
			name = Release;
		};
		CD8485FE277496D900B4BEC6 /* Debug */ = {
			isa = XCBuildConfiguration;
			buildSettings = {
				ALWAYS_EMBED_SWIFT_STANDARD_LIBRARIES = "$(inherited)";
				BUNDLE_LOADER = "$(TEST_HOST)";
				CODE_SIGN_STYLE = Automatic;
				CURRENT_PROJECT_VERSION = 1;
				DEVELOPMENT_TEAM = 3X5PNF8SNP;
				GENERATE_INFOPLIST_FILE = YES;
				IPHONEOS_DEPLOYMENT_TARGET = 15.2;
				MARKETING_VERSION = 1.0;
				PRODUCT_BUNDLE_IDENTIFIER = "br.com.diogolessa.Restaurant-MenuTests";
				PRODUCT_NAME = "$(TARGET_NAME)";
				SWIFT_EMIT_LOC_STRINGS = NO;
				SWIFT_VERSION = 5.0;
				TARGETED_DEVICE_FAMILY = "1,2";
				TEST_HOST = "$(BUILT_PRODUCTS_DIR)/Restaurant Menu.app/Restaurant Menu";
			};
			name = Debug;
		};
		CD8485FF277496D900B4BEC6 /* Release */ = {
			isa = XCBuildConfiguration;
			buildSettings = {
				ALWAYS_EMBED_SWIFT_STANDARD_LIBRARIES = "$(inherited)";
				BUNDLE_LOADER = "$(TEST_HOST)";
				CODE_SIGN_STYLE = Automatic;
				CURRENT_PROJECT_VERSION = 1;
				DEVELOPMENT_TEAM = 3X5PNF8SNP;
				GENERATE_INFOPLIST_FILE = YES;
				IPHONEOS_DEPLOYMENT_TARGET = 15.2;
				MARKETING_VERSION = 1.0;
				PRODUCT_BUNDLE_IDENTIFIER = "br.com.diogolessa.Restaurant-MenuTests";
				PRODUCT_NAME = "$(TARGET_NAME)";
				SWIFT_EMIT_LOC_STRINGS = NO;
				SWIFT_VERSION = 5.0;
				TARGETED_DEVICE_FAMILY = "1,2";
				TEST_HOST = "$(BUILT_PRODUCTS_DIR)/Restaurant Menu.app/Restaurant Menu";
			};
			name = Release;
		};
		CD848601277496D900B4BEC6 /* Debug */ = {
			isa = XCBuildConfiguration;
			buildSettings = {
				ALWAYS_EMBED_SWIFT_STANDARD_LIBRARIES = "$(inherited)";
				CODE_SIGN_STYLE = Automatic;
				CURRENT_PROJECT_VERSION = 1;
				DEVELOPMENT_TEAM = 3X5PNF8SNP;
				GENERATE_INFOPLIST_FILE = YES;
				MARKETING_VERSION = 1.0;
				PRODUCT_BUNDLE_IDENTIFIER = "br.com.diogolessa.Restaurant-MenuUITests";
				PRODUCT_NAME = "$(TARGET_NAME)";
				SWIFT_EMIT_LOC_STRINGS = NO;
				SWIFT_VERSION = 5.0;
				TARGETED_DEVICE_FAMILY = "1,2";
				TEST_TARGET_NAME = "Restaurant Menu";
			};
			name = Debug;
		};
		CD848602277496D900B4BEC6 /* Release */ = {
			isa = XCBuildConfiguration;
			buildSettings = {
				ALWAYS_EMBED_SWIFT_STANDARD_LIBRARIES = "$(inherited)";
				CODE_SIGN_STYLE = Automatic;
				CURRENT_PROJECT_VERSION = 1;
				DEVELOPMENT_TEAM = 3X5PNF8SNP;
				GENERATE_INFOPLIST_FILE = YES;
				MARKETING_VERSION = 1.0;
				PRODUCT_BUNDLE_IDENTIFIER = "br.com.diogolessa.Restaurant-MenuUITests";
				PRODUCT_NAME = "$(TARGET_NAME)";
				SWIFT_EMIT_LOC_STRINGS = NO;
				SWIFT_VERSION = 5.0;
				TARGETED_DEVICE_FAMILY = "1,2";
				TEST_TARGET_NAME = "Restaurant Menu";
			};
			name = Release;
		};
/* End XCBuildConfiguration section */

/* Begin XCConfigurationList section */
		CD8485CB277496D800B4BEC6 /* Build configuration list for PBXProject "Restaurant Menu" */ = {
			isa = XCConfigurationList;
			buildConfigurations = (
				CD8485F8277496D900B4BEC6 /* Debug */,
				CD8485F9277496D900B4BEC6 /* Release */,
			);
			defaultConfigurationIsVisible = 0;
			defaultConfigurationName = Release;
		};
		CD8485FA277496D900B4BEC6 /* Build configuration list for PBXNativeTarget "Restaurant Menu" */ = {
			isa = XCConfigurationList;
			buildConfigurations = (
				CD8485FB277496D900B4BEC6 /* Debug */,
				CD8485FC277496D900B4BEC6 /* Release */,
			);
			defaultConfigurationIsVisible = 0;
			defaultConfigurationName = Release;
		};
		CD8485FD277496D900B4BEC6 /* Build configuration list for PBXNativeTarget "Restaurant MenuTests" */ = {
			isa = XCConfigurationList;
			buildConfigurations = (
				CD8485FE277496D900B4BEC6 /* Debug */,
				CD8485FF277496D900B4BEC6 /* Release */,
			);
			defaultConfigurationIsVisible = 0;
			defaultConfigurationName = Release;
		};
		CD848600277496D900B4BEC6 /* Build configuration list for PBXNativeTarget "Restaurant MenuUITests" */ = {
			isa = XCConfigurationList;
			buildConfigurations = (
				CD848601277496D900B4BEC6 /* Debug */,
				CD848602277496D900B4BEC6 /* Release */,
			);
			defaultConfigurationIsVisible = 0;
			defaultConfigurationName = Release;
		};
/* End XCConfigurationList section */

/* Begin XCRemoteSwiftPackageReference section */
		CDCB17662775F68F006D873B /* XCRemoteSwiftPackageReference "Alamofire" */ = {
			isa = XCRemoteSwiftPackageReference;
			repositoryURL = "https://github.com/Alamofire/Alamofire.git";
			requirement = {
				kind = upToNextMajorVersion;
				minimumVersion = 5.5.0;
			};
		};
/* End XCRemoteSwiftPackageReference section */

/* Begin XCSwiftPackageProductDependency section */
		CDCB17672775F68F006D873B /* Alamofire */ = {
			isa = XCSwiftPackageProductDependency;
			package = CDCB17662775F68F006D873B /* XCRemoteSwiftPackageReference "Alamofire" */;
			productName = Alamofire;
		};
/* End XCSwiftPackageProductDependency section */
	};
	rootObject = CD8485C8277496D800B4BEC6 /* Project object */;
}
